
Microsoft Visual Studio Solution File, Format Version 12.00
# Visual Studio Version 16
VisualStudioVersion = 16.0.29503.13
MinimumVisualStudioVersion = 10.0.40219.1
Project("{9A19103F-16F7-4668-BE54-9A1E7A4F7556}") = "DTO", "DTO\DTO.csproj", "{DC6F0B4C-FADD-4506-9BEF-4A16D777E036}"
EndProject
Project("{9A19103F-16F7-4668-BE54-9A1E7A4F7556}") = "DAL", "DAL\DAL.csproj", "{2AD6EB80-39FF-4D85-922C-83EEB80FBB8B}"
EndProject
Project("{9A19103F-16F7-4668-BE54-9A1E7A4F7556}") = "BLL", "BLL\BLL.csproj", "{49C97779-4632-4918-BE13-6FFADAFB7BCA}"
EndProject
Project("{FAE04EC0-301F-11D3-BF4B-00C04F79EFBC}") = "WebApplication", "WebApplication\WebApplication.csproj", "{2F03FFF6-E308-43A4-80BB-703DDC86A5F8}"
EndProject
Global
	GlobalSection(SolutionConfigurationPlatforms) = preSolution
		Debug|Any CPU = Debug|Any CPU
		Release|Any CPU = Release|Any CPU
	EndGlobalSection
	GlobalSection(ProjectConfigurationPlatforms) = postSolution
		{DC6F0B4C-FADD-4506-9BEF-4A16D777E036}.Debug|Any CPU.ActiveCfg = Debug|Any CPU
		{DC6F0B4C-FADD-4506-9BEF-4A16D777E036}.Debug|Any CPU.Build.0 = Debug|Any CPU
		{DC6F0B4C-FADD-4506-9BEF-4A16D777E036}.Release|Any CPU.ActiveCfg = Release|Any CPU
		{DC6F0B4C-FADD-4506-9BEF-4A16D777E036}.Release|Any CPU.Build.0 = Release|Any CPU
		{2AD6EB80-39FF-4D85-922C-83EEB80FBB8B}.Debug|Any CPU.ActiveCfg = Debug|Any CPU
		{2AD6EB80-39FF-4D85-922C-83EEB80FBB8B}.Debug|Any CPU.Build.0 = Debug|Any CPU
		{2AD6EB80-39FF-4D85-922C-83EEB80FBB8B}.Release|Any CPU.ActiveCfg = Release|Any CPU
		{2AD6EB80-39FF-4D85-922C-83EEB80FBB8B}.Release|Any CPU.Build.0 = Release|Any CPU
		{49C97779-4632-4918-BE13-6FFADAFB7BCA}.Debug|Any CPU.ActiveCfg = Debug|Any CPU
		{49C97779-4632-4918-BE13-6FFADAFB7BCA}.Debug|Any CPU.Build.0 = Debug|Any CPU
		{49C97779-4632-4918-BE13-6FFADAFB7BCA}.Release|Any CPU.ActiveCfg = Release|Any CPU
		{49C97779-4632-4918-BE13-6FFADAFB7BCA}.Release|Any CPU.Build.0 = Release|Any CPU
		{2F03FFF6-E308-43A4-80BB-703DDC86A5F8}.Debug|Any CPU.ActiveCfg = Debug|Any CPU
		{2F03FFF6-E308-43A4-80BB-703DDC86A5F8}.Debug|Any CPU.Build.0 = Debug|Any CPU
		{2F03FFF6-E308-43A4-80BB-703DDC86A5F8}.Release|Any CPU.ActiveCfg = Release|Any CPU
		{2F03FFF6-E308-43A4-80BB-703DDC86A5F8}.Release|Any CPU.Build.0 = Release|Any CPU
	EndGlobalSection
	GlobalSection(SolutionProperties) = preSolution
		HideSolutionNode = FALSE
	EndGlobalSection
	GlobalSection(ExtensibilityGlobals) = postSolution
		SolutionGuid = {E7F4BA86-2E1B-41EE-BCAF-390CBB869DAD}
	EndGlobalSection
EndGlobal
